PODS:
  - Masonry (1.1.0)
  - REFormattedNumberField (1.1.5)
  - RETableViewManager (1.7):
    - Masonry
    - REFormattedNumberField (~> 1.1.5)
    - REValidation (~> 0.1.4)
  - REValidation (0.1.4)

DEPENDENCIES:
  - RETableViewManager (from `../`)

SPEC REPOS:
  https://github.com/cocoapods/specs.git:
    - Masonry
    - REFormattedNumberField
    - REValidation

EXTERNAL SOURCES:
  RETableViewManager:
    :path: "../"

SPEC CHECKSUMS:
  Masonry: 678fab65091a9290e40e2832a55e7ab731aad201
  REFormattedNumberField: be3d55dd709f65541fb26b7e1709da07903147f8
  RETableViewManager: 4ee48fa92dcddfbac6ad903d1c0ca5dee5c44139
  REValidation: 38c4de1be58455f8b00aab208ac80db316a66b7f

PODFILE CHECKSUM: 58658b5b59015b79685164a002c903d623fdf855

COCOAPODS: 1.7.0.beta.2
