PODS:
  - Masonry (1.1.0)
  - REFormattedNumberField (1.1.6)
  - RETableViewManager (1.7):
    - Masonry
    - REFormattedNumberField (~> 1.1.5)
    - REValidation (~> 0.1.4)
  - REValidation (0.1.4)

DEPENDENCIES:
  - RETableViewManager (from `../`)

SPEC REPOS:
  https://github.com/cocoapods/specs.git:
    - Masonry
    - REFormattedNumberField
    - REValidation

EXTERNAL SOURCES:
  RETableViewManager:
    :path: "../"

SPEC CHECKSUMS:
  Masonry: 678fab65091a9290e40e2832a55e7ab731aad201
  REFormattedNumberField: 70fc5fb1218ebd5ee9983820defd12806d5c6ec6
  RETableViewManager: 0a3de9b8f1e7eae7fd3e7c84c289383ea43298d3
  REValidation: 38c4de1be58455f8b00aab208ac80db316a66b7f

PODFILE CHECKSUM: 58658b5b59015b79685164a002c903d623fdf855

COCOAPODS: 1.7.0.beta.2
