PODS:
  - LQTableViewManager (2.0.1):
    - Masonry
    - REFormattedNumberField (~> 1.1.5)
    - REValidation (~> 0.1.4)
  - Masonry (1.1.0)
  - REFormattedNumberField (1.1.6)
  - REValidation (0.1.4)

DEPENDENCIES:
  - LQTableViewManager (from `../`)

SPEC REPOS:
  https://github.com/cocoapods/specs.git:
    - Masonry
    - REFormattedNumberField
    - REValidation

EXTERNAL SOURCES:
  LQTableViewManager:
    :path: "../"

SPEC CHECKSUMS:
  LQTableViewManager: 15a494a3d3fc926c243a744d1a2a96ef275747bc
  Masonry: 678fab65091a9290e40e2832a55e7ab731aad201
  REFormattedNumberField: 70fc5fb1218ebd5ee9983820defd12806d5c6ec6
  REValidation: 38c4de1be58455f8b00aab208ac80db316a66b7f

PODFILE CHECKSUM: 59de01253bcbe1b73c21cad2211f7b6d8021a687

COCOAPODS: 1.7.0.beta.2
